// !$*UTF8*$!
{
	archiveVersion = 1;
	classes = {
	};
	objectVersion = 50;
	objects = {

/* Begin PBXBuildFile section */
		07838E2F22CA4C9C00AD344C /* AppDelegate.swift in Sources */ = {isa = PBXBuildFile; fileRef = 07838E2E22CA4C9C00AD344C /* AppDelegate.swift */; };
		07838E3122CA4C9C00AD344C /* ViewController.swift in Sources */ = {isa = PBXBuildFile; fileRef = 07838E3022CA4C9C00AD344C /* ViewController.swift */; };
		07838E3422CA4C9C00AD344C /* Main.storyboard in Resources */ = {isa = PBXBuildFile; fileRef = 07838E3222CA4C9C00AD344C /* Main.storyboard */; };
		07838E3622CA4C9F00AD344C /* Assets.xcassets in Resources */ = {isa = PBXBuildFile; fileRef = 07838E3522CA4C9F00AD344C /* Assets.xcassets */; };
		07838E3922CA4C9F00AD344C /* LaunchScreen.storyboard in Resources */ = {isa = PBXBuildFile; fileRef = 07838E3722CA4C9F00AD344C /* LaunchScreen.storyboard */; };
		07838E4122CA550400AD344C /* Default-568h@2x.png in Resources */ = {isa = PBXBuildFile; fileRef = 07838E4022CA550300AD344C /* Default-568h@2x.png */; };
		07838E4322CA932D00AD344C /* TableViewCell.swift in Sources */ = {isa = PBXBuildFile; fileRef = 07838E4222CA932D00AD344C /* TableViewCell.swift */; };
		07838E4522CAA8A200AD344C /* ProgramsTableViewController.swift in Sources */ = {isa = PBXBuildFile; fileRef = 07838E4422CAA8A200AD344C /* ProgramsTableViewController.swift */; };
		07838E4722CAB46200AD344C /* RadioProgramStruct.swift in Sources */ = {isa = PBXBuildFile; fileRef = 07838E4622CAB46200AD344C /* RadioProgramStruct.swift */; };
		07EB518C22CBBE0100A4AE90 /* Swift.gitignore in Sources */ = {isa = PBXBuildFile; fileRef = 07EB518B22CBBE0100A4AE90 /* Swift.gitignore */; };
/* End PBXBuildFile section */

/* Begin PBXFileReference section */
		07838E2B22CA4C9C00AD344C /* radioPrograms.app */ = {isa = PBXFileReference; explicitFileType = wrapper.application; includeInIndex = 0; path = radioPrograms.app; sourceTree = BUILT_PRODUCTS_DIR; };
		07838E2E22CA4C9C00AD344C /* AppDelegate.swift */ = {isa = PBXFileReference; lastKnownFileType = sourcecode.swift; path = AppDelegate.swift; sourceTree = "<group>"; };
		07838E3022CA4C9C00AD344C /* ViewController.swift */ = {isa = PBXFileReference; lastKnownFileType = sourcecode.swift; path = ViewController.swift; sourceTree = "<group>"; };
		07838E3322CA4C9C00AD344C /* Base */ = {isa = PBXFileReference; lastKnownFileType = file.storyboard; name = Base; path = Base.lproj/Main.storyboard; sourceTree = "<group>"; };
		07838E3522CA4C9F00AD344C /* Assets.xcassets */ = {isa = PBXFileReference; lastKnownFileType = folder.assetcatalog; path = Assets.xcassets; sourceTree = "<group>"; };
		07838E3822CA4C9F00AD344C /* Base */ = {isa = PBXFileReference; lastKnownFileType = file.storyboard; name = Base; path = Base.lproj/LaunchScreen.storyboard; sourceTree = "<group>"; };
		07838E3A22CA4C9F00AD344C /* Info.plist */ = {isa = PBXFileReference; lastKnownFileType = text.plist.xml; path = Info.plist; sourceTree = "<group>"; };
		07838E4022CA550300AD344C /* Default-568h@2x.png */ = {isa = PBXFileReference; lastKnownFileType = image.png; path = "Default-568h@2x.png"; sourceTree = "<group>"; };
		07838E4222CA932D00AD344C /* TableViewCell.swift */ = {isa = PBXFileReference; lastKnownFileType = sourcecode.swift; path = TableViewCell.swift; sourceTree = "<group>"; };
		07838E4422CAA8A200AD344C /* ProgramsTableViewController.swift */ = {isa = PBXFileReference; lastKnownFileType = sourcecode.swift; path = ProgramsTableViewController.swift; sourceTree = "<group>"; };
		07838E4622CAB46200AD344C /* RadioProgramStruct.swift */ = {isa = PBXFileReference; lastKnownFileType = sourcecode.swift; path = RadioProgramStruct.swift; sourceTree = "<group>"; };
		07EB518B22CBBE0100A4AE90 /* Swift.gitignore */ = {isa = PBXFileReference; lastKnownFileType = text; path = Swift.gitignore; sourceTree = "<group>"; };
/* End PBXFileReference section */

/* Begin PBXFrameworksBuildPhase section */
		07838E2822CA4C9B00AD344C /* Frameworks */ = {
			isa = PBXFrameworksBuildPhase;
			buildActionMask = 2147483647;
			files = (
			);
			runOnlyForDeploymentPostprocessing = 0;
		};
/* End PBXFrameworksBuildPhase section */

/* Begin PBXGroup section */
		07838E2222CA4C9B00AD344C = {
			isa = PBXGroup;
			children = (
				07838E4022CA550300AD344C /* Default-568h@2x.png */,
				07838E2D22CA4C9C00AD344C /* radioPrograms */,
				07838E2C22CA4C9C00AD344C /* Products */,
			);
			sourceTree = "<group>";
		};
		07838E2C22CA4C9C00AD344C /* Products */ = {
			isa = PBXGroup;
			children = (
				07838E2B22CA4C9C00AD344C /* radioPrograms.app */,
			);
			name = Products;
			sourceTree = "<group>";
		};
		07838E2D22CA4C9C00AD344C /* radioPrograms */ = {
			isa = PBXGroup;
			children = (
				07838E2E22CA4C9C00AD344C /* AppDelegate.swift */,
				07838E4422CAA8A200AD344C /* ProgramsTableViewController.swift */,
				07838E3222CA4C9C00AD344C /* Main.storyboard */,
				07838E3522CA4C9F00AD344C /* Assets.xcassets */,
				07838E3722CA4C9F00AD344C /* LaunchScreen.storyboard */,
				07838E3A22CA4C9F00AD344C /* Info.plist */,
				07838E4222CA932D00AD344C /* TableViewCell.swift */,
				07838E3022CA4C9C00AD344C /* ViewController.swift */,
				07838E4622CAB46200AD344C /* RadioProgramStruct.swift */,
				07EB518B22CBBE0100A4AE90 /* Swift.gitignore */,
			);
			path = radioPrograms;
			sourceTree = "<group>";
		};
/* End PBXGroup section */

/* Begin PBXNativeTarget section */
		07838E2A22CA4C9B00AD344C /* radioPrograms */ = {
			isa = PBXNativeTarget;
			buildConfigurationList = 07838E3D22CA4C9F00AD344C /* Build configuration list for PBXNativeTarget "radioPrograms" */;
			buildPhases = (
				07838E2722CA4C9B00AD344C /* Sources */,
				07838E2822CA4C9B00AD344C /* Frameworks */,
				07838E2922CA4C9B00AD344C /* Resources */,
			);
			buildRules = (
			);
			dependencies = (
			);
			name = radioPrograms;
			productName = radioPrograms;
			productReference = 07838E2B22CA4C9C00AD344C /* radioPrograms.app */;
			productType = "com.apple.product-type.application";
		};
/* End PBXNativeTarget section */

/* Begin PBXProject section */
		07838E2322CA4C9B00AD344C /* Project object */ = {
			isa = PBXProject;
			attributes = {
				LastSwiftUpdateCheck = 1010;
				LastUpgradeCheck = 1010;
				ORGANIZATIONNAME = upgradingmachine;
				TargetAttributes = {
					07838E2A22CA4C9B00AD344C = {
						CreatedOnToolsVersion = 10.1;
					};
				};
			};
			buildConfigurationList = 07838E2622CA4C9B00AD344C /* Build configuration list for PBXProject "radioPrograms" */;
			compatibilityVersion = "Xcode 9.3";
			developmentRegion = en;
			hasScannedForEncodings = 0;
			knownRegions = (
				en,
				Base,
			);
			mainGroup = 07838E2222CA4C9B00AD344C;
			productRefGroup = 07838E2C22CA4C9C00AD344C /* Products */;
			projectDirPath = "";
			projectRoot = "";
			targets = (
				07838E2A22CA4C9B00AD344C /* radioPrograms */,
			);
		};
/* End PBXProject section */

/* Begin PBXResourcesBuildPhase section */
		07838E2922CA4C9B00AD344C /* Resources */ = {
			isa = PBXResourcesBuildPhase;
			buildActionMask = 2147483647;
			files = (
				07838E3922CA4C9F00AD344C /* LaunchScreen.storyboard in Resources */,
				07838E4122CA550400AD344C /* Default-568h@2x.png in Resources */,
				07838E3622CA4C9F00AD344C /* Assets.xcassets in Resources */,
				07838E3422CA4C9C00AD344C /* Main.storyboard in Resources */,
			);
			runOnlyForDeploymentPostprocessing = 0;
		};
/* End PBXResourcesBuildPhase section */

/* Begin PBXSourcesBuildPhase section */
		07838E2722CA4C9B00AD344C /* Sources */ = {
			isa = PBXSourcesBuildPhase;
			buildActionMask = 2147483647;
			files = (
				07838E4722CAB46200AD344C /* RadioProgramStruct.swift in Sources */,
				07838E4322CA932D00AD344C /* TableViewCell.swift in Sources */,
				07EB518C22CBBE0100A4AE90 /* Swift.gitignore in Sources */,
				07838E3122CA4C9C00AD344C /* ViewController.swift in Sources */,
				07838E4522CAA8A200AD344C /* ProgramsTableViewController.swift in Sources */,
				07838E2F22CA4C9C00AD344C /* AppDelegate.swift in Sources */,
			);
			runOnlyForDeploymentPostprocessing = 0;
		};
/* End PBXSourcesBuildPhase section */

/* Begin PBXVariantGroup section */
		07838E3222CA4C9C00AD344C /* Main.storyboard */ = {
			isa = PBXVariantGroup;
			children = (
				07838E3322CA4C9C00AD344C /* Base */,
			);
			name = Main.storyboard;
			sourceTree = "<group>";
		};
		07838E3722CA4C9F00AD344C /* LaunchScreen.storyboard */ = {
			isa = PBXVariantGroup;
			children = (
				07838E3822CA4C9F00AD344C /* Base */,
			);
			name = LaunchScreen.storyboard;
			sourceTree = "<group>";
		};
/* End PBXVariantGroup section */

/* Begin XCBuildConfiguration section */
		07838E3B22CA4C9F00AD344C /* Debug */ = {
			isa = XCBuildConfiguration;
			buildSettings = {
				ALWAYS_SEARCH_USER_PATHS = NO;
				CLANG_ANALYZER_NONNULL = YES;
				CLANG_ANALYZER_NUMBER_OBJECT_CONVERSION = YES_AGGRESSIVE;
				CLANG_CXX_LANGUAGE_STANDARD = "gnu++14";
				CLANG_CXX_LIBRARY = "libc++";
				CLANG_ENABLE_MODULES = YES;
				CLANG_ENABLE_OBJC_ARC = YES;
				CLANG_ENABLE_OBJC_WEAK = YES;
				CLANG_WARN_BLOCK_CAPTURE_AUTORELEASING = YES;
				CLANG_WARN_BOOL_CONVERSION = YES;
				CLANG_WARN_COMMA = YES;
				CLANG_WARN_CONSTANT_CONVERSION = YES;
				CLANG_WARN_DEPRECATED_OBJC_IMPLEMENTATIONS = YES;
				CLANG_WARN_DIRECT_OBJC_ISA_USAGE = YES_ERROR;
				CLANG_WARN_DOCUMENTATION_COMMENTS = YES;
				CLANG_WARN_EMPTY_BODY = YES;
				CLANG_WARN_ENUM_CONVERSION = YES;
				CLANG_WARN_INFINITE_RECURSION = YES;
				CLANG_WARN_INT_CONVERSION = YES;
				CLANG_WARN_NON_LITERAL_NULL_CONVERSION = YES;
				CLANG_WARN_OBJC_IMPLICIT_RETAIN_SELF = YES;
				CLANG_WARN_OBJC_LITERAL_CONVERSION = YES;
				CLANG_WARN_OBJC_ROOT_CLASS = YES_ERROR;
				CLANG_WARN_RANGE_LOOP_ANALYSIS = YES;
				CLANG_WARN_STRICT_PROTOTYPES = YES;
				CLANG_WARN_SUSPICIOUS_MOVE = YES;
				CLANG_WARN_UNGUARDED_AVAILABILITY = YES_AGGRESSIVE;
				CLANG_WARN_UNREACHABLE_CODE = YES;
				CLANG_WARN__DUPLICATE_METHOD_MATCH = YES;
				CODE_SIGN_IDENTITY = "iPhone Developer";
				COPY_PHASE_STRIP = NO;
				DEBUG_INFORMATION_FORMAT = dwarf;
				ENABLE_STRICT_OBJC_MSGSEND = YES;
				ENABLE_TESTABILITY = YES;
				GCC_C_LANGUAGE_STANDARD = gnu11;
				GCC_DYNAMIC_NO_PIC = NO;
				GCC_NO_COMMON_BLOCKS = YES;
				GCC_OPTIMIZATION_LEVEL = 0;
				GCC_PREPROCESSOR_DEFINITIONS = (
					"DEBUG=1",
					"$(inherited)",
				);
				GCC_WARN_64_TO_32_BIT_CONVERSION = YES;
				GCC_WARN_ABOUT_RETURN_TYPE = YES_ERROR;
				GCC_WARN_UNDECLARED_SELECTOR = YES;
				GCC_WARN_UNINITIALIZED_AUTOS = YES_AGGRESSIVE;
				GCC_WARN_UNUSED_FUNCTION = YES;
				GCC_WARN_UNUSED_VARIABLE = YES;
				IPHONEOS_DEPLOYMENT_TARGET = 12.1;
				MTL_ENABLE_DEBUG_INFO = INCLUDE_SOURCE;
				MTL_FAST_MATH = YES;
				ONLY_ACTIVE_ARCH = YES;
				SDKROOT = iphoneos;
				SWIFT_ACTIVE_COMPILATION_CONDITIONS = DEBUG;
				SWIFT_OPTIMIZATION_LEVEL = "-Onone";
			};
			name = Debug;
		};
		07838E3C22CA4C9F00AD344C /* Release */ = {
			isa = XCBuildConfiguration;
			buildSettings = {
				ALWAYS_SEARCH_USER_PATHS = NO;
				CLANG_ANALYZER_NONNULL = YES;
				CLANG_ANALYZER_NUMBER_OBJECT_CONVERSION = YES_AGGRESSIVE;
				CLANG_CXX_LANGUAGE_STANDARD = "gnu++14";
				CLANG_CXX_LIBRARY = "libc++";
				CLANG_ENABLE_MODULES = YES;
				CLANG_ENABLE_OBJC_ARC = YES;
				CLANG_ENABLE_OBJC_WEAK = YES;
				CLANG_WARN_BLOCK_CAPTURE_AUTORELEASING = YES;
				CLANG_WARN_BOOL_CONVERSION = YES;
				CLANG_WARN_COMMA = YES;
				CLANG_WARN_CONSTANT_CONVERSION = YES;
				CLANG_WARN_DEPRECATED_OBJC_IMPLEMENTATIONS = YES;
				CLANG_WARN_DIRECT_OBJC_ISA_USAGE = YES_ERROR;
				CLANG_WARN_DOCUMENTATION_COMMENTS = YES;
				CLANG_WARN_EMPTY_BODY = YES;
				CLANG_WARN_ENUM_CONVERSION = YES;
				CLANG_WARN_INFINITE_RECURSION = YES;
				CLANG_WARN_INT_CONVERSION = YES;
				CLANG_WARN_NON_LITERAL_NULL_CONVERSION = YES;
				CLANG_WARN_OBJC_IMPLICIT_RETAIN_SELF = YES;
				CLANG_WARN_OBJC_LITERAL_CONVERSION = YES;
				CLANG_WARN_OBJC_ROOT_CLASS = YES_ERROR;
				CLANG_WARN_RANGE_LOOP_ANALYSIS = YES;
				CLANG_WARN_STRICT_PROTOTYPES = YES;
				CLANG_WARN_SUSPICIOUS_MOVE = YES;
				CLANG_WARN_UNGUARDED_AVAILABILITY = YES_AGGRESSIVE;
				CLANG_WARN_UNREACHABLE_CODE = YES;
				CLANG_WARN__DUPLICATE_METHOD_MATCH = YES;
				CODE_SIGN_IDENTITY = "iPhone Developer";
				COPY_PHASE_STRIP = NO;
				DEBUG_INFORMATION_FORMAT = "dwarf-with-dsym";
				ENABLE_NS_ASSERTIONS = NO;
				ENABLE_STRICT_OBJC_MSGSEND = YES;
				GCC_C_LANGUAGE_STANDARD = gnu11;
				GCC_NO_COMMON_BLOCKS = YES;
				GCC_WARN_64_TO_32_BIT_CONVERSION = YES;
				GCC_WARN_ABOUT_RETURN_TYPE = YES_ERROR;
				GCC_WARN_UNDECLARED_SELECTOR = YES;
				GCC_WARN_UNINITIALIZED_AUTOS = YES_AGGRESSIVE;
				GCC_WARN_UNUSED_FUNCTION = YES;
				GCC_WARN_UNUSED_VARIABLE = YES;
				IPHONEOS_DEPLOYMENT_TARGET = 12.1;
				MTL_ENABLE_DEBUG_INFO = NO;
				MTL_FAST_MATH = YES;
				SDKROOT = iphoneos;
				SWIFT_COMPILATION_MODE = wholemodule;
				SWIFT_OPTIMIZATION_LEVEL = "-O";
				VALIDATE_PRODUCT = YES;
			};
			name = Release;
		};
		07838E3E22CA4C9F00AD344C /* Debug */ = {
			isa = XCBuildConfiguration;
			buildSettings = {
				ASSETCATALOG_COMPILER_APPICON_NAME = AppIcon;
				CODE_SIGN_STYLE = Automatic;
				INFOPLIST_FILE = radioPrograms/Info.plist;
				LD_RUNPATH_SEARCH_PATHS = (
					"$(inherited)",
					"@executable_path/Frameworks",
				);
				PRODUCT_BUNDLE_IDENTIFIER = com.imrankhan.radioPrograms;
				PRODUCT_NAME = "$(TARGET_NAME)";
				SWIFT_VERSION = 4.2;
				TARGETED_DEVICE_FAMILY = "1,2";
			};
			name = Debug;
		};
		07838E3F22CA4C9F00AD344C /* Release */ = {
			isa = XCBuildConfiguration;
			buildSettings = {
				ASSETCATALOG_COMPILER_APPICON_NAME = AppIcon;
				CODE_SIGN_STYLE = Automatic;
				INFOPLIST_FILE = radioPrograms/Info.plist;
				LD_RUNPATH_SEARCH_PATHS = (
					"$(inherited)",
					"@executable_path/Frameworks",
				);
				PRODUCT_BUNDLE_IDENTIFIER = com.imrankhan.radioPrograms;
				PRODUCT_NAME = "$(TARGET_NAME)";
				SWIFT_VERSION = 4.2;
				TARGETED_DEVICE_FAMILY = "1,2";
			};
			name = Release;
		};
/* End XCBuildConfiguration section */

/* Begin XCConfigurationList section */
		07838E2622CA4C9B00AD344C /* Build configuration list for PBXProject "radioPrograms" */ = {
			isa = XCConfigurationList;
			buildConfigurations = (
				07838E3B22CA4C9F00AD344C /* Debug */,
				07838E3C22CA4C9F00AD344C /* Release */,
			);
			defaultConfigurationIsVisible = 0;
			defaultConfigurationName = Release;
		};
		07838E3D22CA4C9F00AD344C /* Build configuration list for PBXNativeTarget "radioPrograms" */ = {
			isa = XCConfigurationList;
			buildConfigurations = (
				07838E3E22CA4C9F00AD344C /* Debug */,
				07838E3F22CA4C9F00AD344C /* Release */,
			);
			defaultConfigurationIsVisible = 0;
			defaultConfigurationName = Release;
		};
/* End XCConfigurationList section */
	};
	rootObject = 07838E2322CA4C9B00AD344C /* Project object */;
}
